// !$*UTF8*$!
{
	archiveVersion = 1;
	classes = {
	};
	objectVersion = 50;
	objects = {

/* Begin PBXBuildFile section */
		44C621BA242261A700328638 /* AppDelegate.m in Sources */ = {isa = PBXBuildFile; fileRef = 44C621B9242261A700328638 /* AppDelegate.m */; };
		44C621BD242261A700328638 /* SceneDelegate.m in Sources */ = {isa = PBXBuildFile; fileRef = 44C621BC242261A700328638 /* SceneDelegate.m */; };
		44C621C0242261A700328638 /* ViewController.m in Sources */ = {isa = PBXBuildFile; fileRef = 44C621BF242261A700328638 /* ViewController.m */; };
		44C621C3242261A700328638 /* Main.storyboard in Resources */ = {isa = PBXBuildFile; fileRef = 44C621C1242261A700328638 /* Main.storyboard */; };
		44C621C5242261B000328638 /* Assets.xcassets in Resources */ = {isa = PBXBuildFile; fileRef = 44C621C4242261B000328638 /* Assets.xcassets */; };
		44C621C8242261B000328638 /* LaunchScreen.storyboard in Resources */ = {isa = PBXBuildFile; fileRef = 44C621C6242261B000328638 /* LaunchScreen.storyboard */; };
		44C621CB242261B000328638 /* main.m in Sources */ = {isa = PBXBuildFile; fileRef = 44C621CA242261B000328638 /* main.m */; };
/* End PBXBuildFile section */

/* Begin PBXFileReference section */
		44C621B5242261A700328638 /* Covid19 Monitoring.app */ = {isa = PBXFileReference; explicitFileType = wrapper.application; includeInIndex = 0; path = "Covid19 Monitoring.app"; sourceTree = BUILT_PRODUCTS_DIR; };
		44C621B8242261A700328638 /* AppDelegate.h */ = {isa = PBXFileReference; lastKnownFileType = sourcecode.c.h; path = AppDelegate.h; sourceTree = "<group>"; };
		44C621B9242261A700328638 /* AppDelegate.m */ = {isa = PBXFileReference; lastKnownFileType = sourcecode.c.objc; path = AppDelegate.m; sourceTree = "<group>"; };
		44C621BB242261A700328638 /* SceneDelegate.h */ = {isa = PBXFileReference; lastKnownFileType = sourcecode.c.h; path = SceneDelegate.h; sourceTree = "<group>"; };
		44C621BC242261A700328638 /* SceneDelegate.m */ = {isa = PBXFileReference; lastKnownFileType = sourcecode.c.objc; path = SceneDelegate.m; sourceTree = "<group>"; };
		44C621BE242261A700328638 /* ViewController.h */ = {isa = PBXFileReference; lastKnownFileType = sourcecode.c.h; path = ViewController.h; sourceTree = "<group>"; };
		44C621BF242261A700328638 /* ViewController.m */ = {isa = PBXFileReference; lastKnownFileType = sourcecode.c.objc; path = ViewController.m; sourceTree = "<group>"; };
		44C621C2242261A700328638 /* Base */ = {isa = PBXFileReference; lastKnownFileType = file.storyboard; name = Base; path = Base.lproj/Main.storyboard; sourceTree = "<group>"; };
		44C621C4242261B000328638 /* Assets.xcassets */ = {isa = PBXFileReference; lastKnownFileType = folder.assetcatalog; path = Assets.xcassets; sourceTree = "<group>"; };
		44C621C7242261B000328638 /* Base */ = {isa = PBXFileReference; lastKnownFileType = file.storyboard; name = Base; path = Base.lproj/LaunchScreen.storyboard; sourceTree = "<group>"; };
		44C621C9242261B000328638 /* Info.plist */ = {isa = PBXFileReference; lastKnownFileType = text.plist.xml; path = Info.plist; sourceTree = "<group>"; };
		44C621CA242261B000328638 /* main.m */ = {isa = PBXFileReference; lastKnownFileType = sourcecode.c.objc; path = main.m; sourceTree = "<group>"; };
/* End PBXFileReference section */

/* Begin PBXFrameworksBuildPhase section */
		44C621B2242261A700328638 /* Frameworks */ = {
			isa = PBXFrameworksBuildPhase;
			buildActionMask = 2147483647;
			files = (
			);
			runOnlyForDeploymentPostprocessing = 0;
		};
/* End PBXFrameworksBuildPhase section */

/* Begin PBXGroup section */
		44C621AC242261A600328638 = {
			isa = PBXGroup;
			children = (
				44C621B7242261A700328638 /* Covid19 Monitoring */,
				44C621B6242261A700328638 /* Products */,
			);
			sourceTree = "<group>";
		};
		44C621B6242261A700328638 /* Products */ = {
			isa = PBXGroup;
			children = (
				44C621B5242261A700328638 /* Covid19 Monitoring.app */,
			);
			name = Products;
			sourceTree = "<group>";
		};
		44C621B7242261A700328638 /* Covid19 Monitoring */ = {
			isa = PBXGroup;
			children = (
				44C621B8242261A700328638 /* AppDelegate.h */,
				44C621B9242261A700328638 /* AppDelegate.m */,
				44C621BB242261A700328638 /* SceneDelegate.h */,
				44C621BC242261A700328638 /* SceneDelegate.m */,
				44C621BE242261A700328638 /* ViewController.h */,
				44C621BF242261A700328638 /* ViewController.m */,
				44C621C1242261A700328638 /* Main.storyboard */,
				44C621C4242261B000328638 /* Assets.xcassets */,
				44C621C6242261B000328638 /* LaunchScreen.storyboard */,
				44C621C9242261B000328638 /* Info.plist */,
				44C621CA242261B000328638 /* main.m */,
			);
			path = "Covid19 Monitoring";
			sourceTree = "<group>";
		};
/* End PBXGroup section */

/* Begin PBXNativeTarget section */
		44C621B4242261A700328638 /* Covid19 Monitoring */ = {
			isa = PBXNativeTarget;
			buildConfigurationList = 44C621CE242261B000328638 /* Build configuration list for PBXNativeTarget "Covid19 Monitoring" */;
			buildPhases = (
				44C621B1242261A700328638 /* Sources */,
				44C621B2242261A700328638 /* Frameworks */,
				44C621B3242261A700328638 /* Resources */,
			);
			buildRules = (
			);
			dependencies = (
			);
			name = "Covid19 Monitoring";
			productName = "Covid19 Monitoring";
			productReference = 44C621B5242261A700328638 /* Covid19 Monitoring.app */;
			productType = "com.apple.product-type.application";
		};
/* End PBXNativeTarget section */

/* Begin PBXProject section */
		44C621AD242261A600328638 /* Project object */ = {
			isa = PBXProject;
			attributes = {
				LastUpgradeCheck = 1130;
				ORGANIZATIONNAME = AVL;
				TargetAttributes = {
					44C621B4242261A700328638 = {
						CreatedOnToolsVersion = 11.3.1;
					};
				};
			};
			buildConfigurationList = 44C621B0242261A600328638 /* Build configuration list for PBXProject "Covid19 Monitoring" */;
			compatibilityVersion = "Xcode 9.3";
			developmentRegion = en;
			hasScannedForEncodings = 0;
			knownRegions = (
				en,
				Base,
			);
			mainGroup = 44C621AC242261A600328638;
			productRefGroup = 44C621B6242261A700328638 /* Products */;
			projectDirPath = "";
			projectRoot = "";
			targets = (
				44C621B4242261A700328638 /* Covid19 Monitoring */,
			);
		};
/* End PBXProject section */

/* Begin PBXResourcesBuildPhase section */
		44C621B3242261A700328638 /* Resources */ = {
			isa = PBXResourcesBuildPhase;
			buildActionMask = 2147483647;
			files = (
				44C621C8242261B000328638 /* LaunchScreen.storyboard in Resources */,
				44C621C5242261B000328638 /* Assets.xcassets in Resources */,
				44C621C3242261A700328638 /* Main.storyboard in Resources */,
			);
			runOnlyForDeploymentPostprocessing = 0;
		};
/* End PBXResourcesBuildPhase section */

/* Begin PBXSourcesBuildPhase section */
		44C621B1242261A700328638 /* Sources */ = {
			isa = PBXSourcesBuildPhase;
			buildActionMask = 2147483647;
			files = (
				44C621C0242261A700328638 /* ViewController.m in Sources */,
				44C621BA242261A700328638 /* AppDelegate.m in Sources */,
				44C621CB242261B000328638 /* main.m in Sources */,
				44C621BD242261A700328638 /* SceneDelegate.m in Sources */,
			);
			runOnlyForDeploymentPostprocessing = 0;
		};
/* End PBXSourcesBuildPhase section */

/* Begin PBXVariantGroup section */
		44C621C1242261A700328638 /* Main.storyboard */ = {
			isa = PBXVariantGroup;
			children = (
				44C621C2242261A700328638 /* Base */,
			);
			name = Main.storyboard;
			sourceTree = "<group>";
		};
		44C621C6242261B000328638 /* LaunchScreen.storyboard */ = {
			isa = PBXVariantGroup;
			children = (
				44C621C7242261B000328638 /* Base */,
			);
			name = LaunchScreen.storyboard;
			sourceTree = "<group>";
		};
/* End PBXVariantGroup section */

/* Begin XCBuildConfiguration section */
		44C621CC242261B000328638 /* Debug */ = {
			isa = XCBuildConfiguration;
			buildSettings = {
				ALWAYS_SEARCH_USER_PATHS = NO;
				CLANG_ANALYZER_NONNULL = YES;
				CLANG_ANALYZER_NUMBER_OBJECT_CONVERSION = YES_AGGRESSIVE;
				CLANG_CXX_LANGUAGE_STANDARD = "gnu++14";
				CLANG_CXX_LIBRARY = "libc++";
				CLANG_ENABLE_MODULES = YES;
				CLANG_ENABLE_OBJC_ARC = YES;
				CLANG_ENABLE_OBJC_WEAK = YES;
				CLANG_WARN_BLOCK_CAPTURE_AUTORELEASING = YES;
				CLANG_WARN_BOOL_CONVERSION = YES;
				CLANG_WARN_COMMA = YES;
				CLANG_WARN_CONSTANT_CONVERSION = YES;
				CLANG_WARN_DEPRECATED_OBJC_IMPLEMENTATIONS = YES;
				CLANG_WARN_DIRECT_OBJC_ISA_USAGE = YES_ERROR;
				CLANG_WARN_DOCUMENTATION_COMMENTS = YES;
				CLANG_WARN_EMPTY_BODY = YES;
				CLANG_WARN_ENUM_CONVERSION = YES;
				CLANG_WARN_INFINITE_RECURSION = YES;
				CLANG_WARN_INT_CONVERSION = YES;
				CLANG_WARN_NON_LITERAL_NULL_CONVERSION = YES;
				CLANG_WARN_OBJC_IMPLICIT_RETAIN_SELF = YES;
				CLANG_WARN_OBJC_LITERAL_CONVERSION = YES;
				CLANG_WARN_OBJC_ROOT_CLASS = YES_ERROR;
				CLANG_WARN_RANGE_LOOP_ANALYSIS = YES;
				CLANG_WARN_STRICT_PROTOTYPES = YES;
				CLANG_WARN_SUSPICIOUS_MOVE = YES;
				CLANG_WARN_UNGUARDED_AVAILABILITY = YES_AGGRESSIVE;
				CLANG_WARN_UNREACHABLE_CODE = YES;
				CLANG_WARN__DUPLICATE_METHOD_MATCH = YES;
				COPY_PHASE_STRIP = NO;
				DEBUG_INFORMATION_FORMAT = dwarf;
				ENABLE_STRICT_OBJC_MSGSEND = YES;
				ENABLE_TESTABILITY = YES;
				GCC_C_LANGUAGE_STANDARD = gnu11;
				GCC_DYNAMIC_NO_PIC = NO;
				GCC_NO_COMMON_BLOCKS = YES;
				GCC_OPTIMIZATION_LEVEL = 0;
				GCC_PREPROCESSOR_DEFINITIONS = (
					"DEBUG=1",
					"$(inherited)",
				);
				GCC_WARN_64_TO_32_BIT_CONVERSION = YES;
				GCC_WARN_ABOUT_RETURN_TYPE = YES_ERROR;
				GCC_WARN_UNDECLARED_SELECTOR = YES;
				GCC_WARN_UNINITIALIZED_AUTOS = YES_AGGRESSIVE;
				GCC_WARN_UNUSED_FUNCTION = YES;
				GCC_WARN_UNUSED_VARIABLE = YES;
				IPHONEOS_DEPLOYMENT_TARGET = 13.2;
				MTL_ENABLE_DEBUG_INFO = INCLUDE_SOURCE;
				MTL_FAST_MATH = YES;
				ONLY_ACTIVE_ARCH = YES;
				SDKROOT = iphoneos;
			};
			name = Debug;
		};
		44C621CD242261B000328638 /* Release */ = {
			isa = XCBuildConfiguration;
			buildSettings = {
				ALWAYS_SEARCH_USER_PATHS = NO;
				CLANG_ANALYZER_NONNULL = YES;
				CLANG_ANALYZER_NUMBER_OBJECT_CONVERSION = YES_AGGRESSIVE;
				CLANG_CXX_LANGUAGE_STANDARD = "gnu++14";
				CLANG_CXX_LIBRARY = "libc++";
				CLANG_ENABLE_MODULES = YES;
				CLANG_ENABLE_OBJC_ARC = YES;
				CLANG_ENABLE_OBJC_WEAK = YES;
				CLANG_WARN_BLOCK_CAPTURE_AUTORELEASING = YES;
				CLANG_WARN_BOOL_CONVERSION = YES;
				CLANG_WARN_COMMA = YES;
				CLANG_WARN_CONSTANT_CONVERSION = YES;
				CLANG_WARN_DEPRECATED_OBJC_IMPLEMENTATIONS = YES;
				CLANG_WARN_DIRECT_OBJC_ISA_USAGE = YES_ERROR;
				CLANG_WARN_DOCUMENTATION_COMMENTS = YES;
				CLANG_WARN_EMPTY_BODY = YES;
				CLANG_WARN_ENUM_CONVERSION = YES;
				CLANG_WARN_INFINITE_RECURSION = YES;
				CLANG_WARN_INT_CONVERSION = YES;
				CLANG_WARN_NON_LITERAL_NULL_CONVERSION = YES;
				CLANG_WARN_OBJC_IMPLICIT_RETAIN_SELF = YES;
				CLANG_WARN_OBJC_LITERAL_CONVERSION = YES;
				CLANG_WARN_OBJC_ROOT_CLASS = YES_ERROR;
				CLANG_WARN_RANGE_LOOP_ANALYSIS = YES;
				CLANG_WARN_STRICT_PROTOTYPES = YES;
				CLANG_WARN_SUSPICIOUS_MOVE = YES;
				CLANG_WARN_UNGUARDED_AVAILABILITY = YES_AGGRESSIVE;
				CLANG_WARN_UNREACHABLE_CODE = YES;
				CLANG_WARN__DUPLICATE_METHOD_MATCH = YES;
				COPY_PHASE_STRIP = NO;
				DEBUG_INFORMATION_FORMAT = "dwarf-with-dsym";
				ENABLE_NS_ASSERTIONS = NO;
				ENABLE_STRICT_OBJC_MSGSEND = YES;
				GCC_C_LANGUAGE_STANDARD = gnu11;
				GCC_NO_COMMON_BLOCKS = YES;
				GCC_WARN_64_TO_32_BIT_CONVERSION = YES;
				GCC_WARN_ABOUT_RETURN_TYPE = YES_ERROR;
				GCC_WARN_UNDECLARED_SELECTOR = YES;
				GCC_WARN_UNINITIALIZED_AUTOS = YES_AGGRESSIVE;
				GCC_WARN_UNUSED_FUNCTION = YES;
				GCC_WARN_UNUSED_VARIABLE = YES;
				IPHONEOS_DEPLOYMENT_TARGET = 13.2;
				MTL_ENABLE_DEBUG_INFO = NO;
				MTL_FAST_MATH = YES;
				SDKROOT = iphoneos;
				VALIDATE_PRODUCT = YES;
			};
			name = Release;
		};
		44C621CF242261B000328638 /* Debug */ = {
			isa = XCBuildConfiguration;
			buildSettings = {
				ASSETCATALOG_COMPILER_APPICON_NAME = AppIcon;
				CODE_SIGN_STYLE = Automatic;
				DEVELOPMENT_TEAM = W6RB25ZNB7;
				INFOPLIST_FILE = "Covid19 Monitoring/Info.plist";
				LD_RUNPATH_SEARCH_PATHS = (
					"$(inherited)",
					"@executable_path/Frameworks",
				);
				PRODUCT_BUNDLE_IDENTIFIER = "com.avltree9798.Covid19-Monitoring";
				PRODUCT_NAME = "$(TARGET_NAME)";
				TARGETED_DEVICE_FAMILY = "1,2";
			};
			name = Debug;
		};
		44C621D0242261B000328638 /* Release */ = {
			isa = XCBuildConfiguration;
			buildSettings = {
				ASSETCATALOG_COMPILER_APPICON_NAME = AppIcon;
				CODE_SIGN_STYLE = Automatic;
				DEVELOPMENT_TEAM = W6RB25ZNB7;
				INFOPLIST_FILE = "Covid19 Monitoring/Info.plist";
				LD_RUNPATH_SEARCH_PATHS = (
					"$(inherited)",
					"@executable_path/Frameworks",
				);
				PRODUCT_BUNDLE_IDENTIFIER = "com.avltree9798.Covid19-Monitoring";
				PRODUCT_NAME = "$(TARGET_NAME)";
				TARGETED_DEVICE_FAMILY = "1,2";
			};
			name = Release;
		};
/* End XCBuildConfiguration section */

/* Begin XCConfigurationList section */
		44C621B0242261A600328638 /* Build configuration list for PBXProject "Covid19 Monitoring" */ = {
			isa = XCConfigurationList;
			buildConfigurations = (
				44C621CC242261B000328638 /* Debug */,
				44C621CD242261B000328638 /* Release */,
			);
			defaultConfigurationIsVisible = 0;
			defaultConfigurationName = Release;
		};
		44C621CE242261B000328638 /* Build configuration list for PBXNativeTarget "Covid19 Monitoring" */ = {
			isa = XCConfigurationList;
			buildConfigurations = (
				44C621CF242261B000328638 /* Debug */,
				44C621D0242261B000328638 /* Release */,
			);
			defaultConfigurationIsVisible = 0;
			defaultConfigurationName = Release;
		};
/* End XCConfigurationList section */
	};
	rootObject = 44C621AD242261A600328638 /* Project object */;
}
